{
  "name": "finzn-app",
  "version": "2.1.0",
  "lockfileVersion": 3,
  "requires": true,
  "packages": {
    "": {
      "name": "finzn-app",
      "version": "2.1.0",
      "dependencies": {
        "@google/genai": "^1.10.0",
        "@supabase/supabase-js": "^2.45.4",
        "@tensorflow/tfjs": "^4.22.0",
        "@tensorflow/tfjs-vis": "^1.5.1",
        "chart.js": "^4.4.1",
        "core-js": "^3.45.0",
        "cors": "^2.8.5",
        "dotenv": "^16.4.5",
        "express": "^4.18.2",
        "node-fetch": "^3.3.2"
      },
      "devDependencies": {
        "vite": "^5.4.10"
      }
    },
    "node_modules/@google/genai": {
      "version": "1.10.0",
      "resolved": "https://registry.npmjs.org/@google/genai/-/genai-1.10.0.tgz",
      "integrity": "sha512-example-hash",
      "engines": {
        "node": ">=20.0.0"
      }
    },
    "node_modules/@supabase/supabase-js": {
      "version": "2.45.4",
      "resolved": "https://registry.npmjs.org/@supabase/supabase-js/-/supabase-js-2.45.4.tgz",
      "integrity": "sha512-example-hash"
    },
    "node_modules/@tensorflow/tfjs": {
      "version": "4.22.0",
      "resolved": "https://registry.npmjs.org/@tensorflow/tfjs/-/tfjs-4.22.0.tgz",
      "integrity": "sha512-example-hash"
    },
    "node_modules/@tensorflow/tfjs-vis": {
      "version": "1.5.1",
      "resolved": "https://registry.npmjs.org/@tensorflow/tfjs-vis/-/tfjs-vis-1.5.1.tgz",
      "integrity": "sha512-example-hash"
    },
    "node_modules/chart.js": {
      "version": "4.4.1",
      "resolved": "https://registry.npmjs.org/chart.js/-/chart.js-4.4.1.tgz",
      "integrity": "sha512-example-hash"
    },
    "node_modules/core-js": {
      "version": "3.45.0",
      "resolved": "https://registry.npmjs.org/core-js/-/core-js-3.45.0.tgz",
      "integrity": "sha512-example-hash"
    },
    "node_modules/cors": {
      "version": "2.8.5",
      "resolved": "https://registry.npmjs.org/cors/-/cors-2.8.5.tgz",
      "integrity": "sha512-example-hash"
    },
    "node_modules/dotenv": {
      "version": "16.4.5",
      "resolved": "https://registry.npmjs.org/dotenv/-/dotenv-16.4.5.tgz",
      "integrity": "sha512-example-hash"
    },
    "node_modules/express": {
      "version": "4.18.2",
      "resolved": "https://registry.npmjs.org/express/-/express-4.18.2.tgz",
      "integrity": "sha512-example-hash"
    },
    "node_modules/node-fetch": {
      "version": "3.3.2",
      "resolved": "https://registry.npmjs.org/node-fetch/-/node-fetch-3.3.2.tgz",
      "integrity": "sha512-example-hash"
    },
    "node_modules/vite": {
      "version": "5.4.10",
      "resolved": "https://registry.npmjs.org/vite/-/vite-5.4.10.tgz",
      "integrity": "sha512-example-hash",
      "dev": true,
      "bin": {
        "vite": "bin/vite.js"
      },
      "engines": {
        "node": "^18.0.0 || >=20.0.0"
      }
    }
  }
}